
Microsoft Visual Studio Solution File, Format Version 12.00
# Visual Studio Version 17
VisualStudioVersion = 17.2.32526.322
MinimumVisualStudioVersion = 10.0.40219.1
Project("{FAE04EC0-301F-11D3-BF4B-00C04F79EFBC}") = "McvCrud", "McvCrud\McvCrud.csproj", "{5C90134A-BBDE-4BB7-B9BE-A1C810005450}"
EndProject
Global
	GlobalSection(SolutionConfigurationPlatforms) = preSolution
		Debug|Any CPU = Debug|Any CPU
		Release|Any CPU = Release|Any CPU
	EndGlobalSection
	GlobalSection(ProjectConfigurationPlatforms) = postSolution
		{5C90134A-BBDE-4BB7-B9BE-A1C810005450}.Debug|Any CPU.ActiveCfg = Debug|Any CPU
		{5C90134A-BBDE-4BB7-B9BE-A1C810005450}.Debug|Any CPU.Build.0 = Debug|Any CPU
		{5C90134A-BBDE-4BB7-B9BE-A1C810005450}.Release|Any CPU.ActiveCfg = Release|Any CPU
		{5C90134A-BBDE-4BB7-B9BE-A1C810005450}.Release|Any CPU.Build.0 = Release|Any CPU
	EndGlobalSection
	GlobalSection(SolutionProperties) = preSolution
		HideSolutionNode = FALSE
	EndGlobalSection
	GlobalSection(ExtensibilityGlobals) = postSolution
		SolutionGuid = {BE22CFE0-0351-40A8-A5DD-C47C393FBE32}
	EndGlobalSection
EndGlobal
